# This file is automatically @generated by Cargo.
# It is not intended for manual editing.
[[package]]
name = "open2internet"
version = "0.1.0"
dependencies = [
 "port_scanner",
]

[[package]]
name = "port_scanner"
version = "0.1.5"
source = "registry+https://github.com/rust-lang/crates.io-index"
checksum = "325a6d2ac5dee293c3b2612d4993b98aec1dff096b0a2dae70ed7d95784a05da"
